
Microsoft Visual Studio Solution File, Format Version 12.00
# Visual Studio Version 16
VisualStudioVersion = 16.0.30011.22
MinimumVisualStudioVersion = 10.0.40219.1
Project("{9A19103F-16F7-4668-BE54-9A1E7A4F7556}") = "Trading.Analytics.Server", "src\Trading.Analytics\Server\Trading.Analytics.Server.csproj", "{A26EE4A4-DABB-4536-85F2-8E49EBC5FFC8}"
EndProject
Project("{9A19103F-16F7-4668-BE54-9A1E7A4F7556}") = "Trading.Analytics.Client", "src\Trading.Analytics\Client\Trading.Analytics.Client.csproj", "{F685FEDD-B10A-4CDB-94BB-F9250C1995BE}"
EndProject
Project("{9A19103F-16F7-4668-BE54-9A1E7A4F7556}") = "Trading.Analytics.Shared", "src\Trading.Analytics\Shared\Trading.Analytics.Shared.csproj", "{10CDD0F5-D687-42DF-B250-F9F57F731351}"
EndProject
Project("{9A19103F-16F7-4668-BE54-9A1E7A4F7556}") = "Trading.Analytics.Domain", "src\Trading.Analytics.Domain\Trading.Analytics.Domain.csproj", "{A90B8B74-B1B5-4DCB-8111-E797EE41C641}"
EndProject
Project("{9A19103F-16F7-4668-BE54-9A1E7A4F7556}") = "Trading.Analytics.Monitoring", "src\Trading.Analytics.Monitoring\Trading.Analytics.Monitoring.csproj", "{A982CEA8-CCAA-481A-A421-A0F4937B21BE}"
EndProject
Project("{2150E333-8FDC-42A3-9474-1A3956D46DE8}") = "SPA", "SPA", "{DE723D3B-7194-44CD-9E50-617CE5504281}"
EndProject
Project("{2150E333-8FDC-42A3-9474-1A3956D46DE8}") = "Web", "Web", "{C3347F04-EE0D-482A-A85F-3D0602855B64}"
EndProject
Project("{2150E333-8FDC-42A3-9474-1A3956D46DE8}") = "Api", "Api", "{B4418DC4-13D8-4F43-B3C2-CFC5AC5E7A2F}"
EndProject
Project("{2150E333-8FDC-42A3-9474-1A3956D46DE8}") = "Domain", "Domain", "{10E0A953-E3E4-406E-8395-93F8778DC88C}"
EndProject
Project("{E53339B2-1760-4266-BCC7-CA923CBCF16C}") = "docker-compose", "docker-compose.dcproj", "{7CAFD979-06A5-4F18-9868-3D6837423426}"
EndProject
Project("{9A19103F-16F7-4668-BE54-9A1E7A4F7556}") = "Trading.Analytics.Services", "src\Trading.Analytics.Services\Trading.Analytics.Services.csproj", "{DE6E219C-40C0-4751-97DB-EB39E4D1B686}"
EndProject
Project("{9A19103F-16F7-4668-BE54-9A1E7A4F7556}") = "Trading.Analytics.Utils", "src\Trading.Analytics.Utils\Trading.Analytics.Utils.csproj", "{38C8F465-55F8-4323-BE46-FE60D3AF4033}"
EndProject
Global
	GlobalSection(SolutionConfigurationPlatforms) = preSolution
		Debug|Any CPU = Debug|Any CPU
		Release|Any CPU = Release|Any CPU
	EndGlobalSection
	GlobalSection(ProjectConfigurationPlatforms) = postSolution
		{A26EE4A4-DABB-4536-85F2-8E49EBC5FFC8}.Debug|Any CPU.ActiveCfg = Debug|Any CPU
		{A26EE4A4-DABB-4536-85F2-8E49EBC5FFC8}.Debug|Any CPU.Build.0 = Debug|Any CPU
		{A26EE4A4-DABB-4536-85F2-8E49EBC5FFC8}.Release|Any CPU.ActiveCfg = Release|Any CPU
		{A26EE4A4-DABB-4536-85F2-8E49EBC5FFC8}.Release|Any CPU.Build.0 = Release|Any CPU
		{F685FEDD-B10A-4CDB-94BB-F9250C1995BE}.Debug|Any CPU.ActiveCfg = Debug|Any CPU
		{F685FEDD-B10A-4CDB-94BB-F9250C1995BE}.Debug|Any CPU.Build.0 = Debug|Any CPU
		{F685FEDD-B10A-4CDB-94BB-F9250C1995BE}.Release|Any CPU.ActiveCfg = Release|Any CPU
		{F685FEDD-B10A-4CDB-94BB-F9250C1995BE}.Release|Any CPU.Build.0 = Release|Any CPU
		{10CDD0F5-D687-42DF-B250-F9F57F731351}.Debug|Any CPU.ActiveCfg = Debug|Any CPU
		{10CDD0F5-D687-42DF-B250-F9F57F731351}.Debug|Any CPU.Build.0 = Debug|Any CPU
		{10CDD0F5-D687-42DF-B250-F9F57F731351}.Release|Any CPU.ActiveCfg = Release|Any CPU
		{10CDD0F5-D687-42DF-B250-F9F57F731351}.Release|Any CPU.Build.0 = Release|Any CPU
		{A90B8B74-B1B5-4DCB-8111-E797EE41C641}.Debug|Any CPU.ActiveCfg = Debug|Any CPU
		{A90B8B74-B1B5-4DCB-8111-E797EE41C641}.Debug|Any CPU.Build.0 = Debug|Any CPU
		{A90B8B74-B1B5-4DCB-8111-E797EE41C641}.Release|Any CPU.ActiveCfg = Release|Any CPU
		{A90B8B74-B1B5-4DCB-8111-E797EE41C641}.Release|Any CPU.Build.0 = Release|Any CPU
		{A982CEA8-CCAA-481A-A421-A0F4937B21BE}.Debug|Any CPU.ActiveCfg = Debug|Any CPU
		{A982CEA8-CCAA-481A-A421-A0F4937B21BE}.Debug|Any CPU.Build.0 = Debug|Any CPU
		{A982CEA8-CCAA-481A-A421-A0F4937B21BE}.Release|Any CPU.ActiveCfg = Release|Any CPU
		{A982CEA8-CCAA-481A-A421-A0F4937B21BE}.Release|Any CPU.Build.0 = Release|Any CPU
		{7CAFD979-06A5-4F18-9868-3D6837423426}.Debug|Any CPU.ActiveCfg = Debug|Any CPU
		{7CAFD979-06A5-4F18-9868-3D6837423426}.Debug|Any CPU.Build.0 = Debug|Any CPU
		{7CAFD979-06A5-4F18-9868-3D6837423426}.Release|Any CPU.ActiveCfg = Release|Any CPU
		{7CAFD979-06A5-4F18-9868-3D6837423426}.Release|Any CPU.Build.0 = Release|Any CPU
		{DE6E219C-40C0-4751-97DB-EB39E4D1B686}.Debug|Any CPU.ActiveCfg = Debug|Any CPU
		{DE6E219C-40C0-4751-97DB-EB39E4D1B686}.Debug|Any CPU.Build.0 = Debug|Any CPU
		{DE6E219C-40C0-4751-97DB-EB39E4D1B686}.Release|Any CPU.ActiveCfg = Release|Any CPU
		{DE6E219C-40C0-4751-97DB-EB39E4D1B686}.Release|Any CPU.Build.0 = Release|Any CPU
		{38C8F465-55F8-4323-BE46-FE60D3AF4033}.Debug|Any CPU.ActiveCfg = Debug|Any CPU
		{38C8F465-55F8-4323-BE46-FE60D3AF4033}.Debug|Any CPU.Build.0 = Debug|Any CPU
		{38C8F465-55F8-4323-BE46-FE60D3AF4033}.Release|Any CPU.ActiveCfg = Release|Any CPU
		{38C8F465-55F8-4323-BE46-FE60D3AF4033}.Release|Any CPU.Build.0 = Release|Any CPU
	EndGlobalSection
	GlobalSection(SolutionProperties) = preSolution
		HideSolutionNode = FALSE
	EndGlobalSection
	GlobalSection(NestedProjects) = preSolution
		{A26EE4A4-DABB-4536-85F2-8E49EBC5FFC8} = {DE723D3B-7194-44CD-9E50-617CE5504281}
		{F685FEDD-B10A-4CDB-94BB-F9250C1995BE} = {DE723D3B-7194-44CD-9E50-617CE5504281}
		{10CDD0F5-D687-42DF-B250-F9F57F731351} = {10E0A953-E3E4-406E-8395-93F8778DC88C}
		{A90B8B74-B1B5-4DCB-8111-E797EE41C641} = {10E0A953-E3E4-406E-8395-93F8778DC88C}
		{A982CEA8-CCAA-481A-A421-A0F4937B21BE} = {B4418DC4-13D8-4F43-B3C2-CFC5AC5E7A2F}
		{DE723D3B-7194-44CD-9E50-617CE5504281} = {C3347F04-EE0D-482A-A85F-3D0602855B64}
		{B4418DC4-13D8-4F43-B3C2-CFC5AC5E7A2F} = {C3347F04-EE0D-482A-A85F-3D0602855B64}
		{DE6E219C-40C0-4751-97DB-EB39E4D1B686} = {10E0A953-E3E4-406E-8395-93F8778DC88C}
		{38C8F465-55F8-4323-BE46-FE60D3AF4033} = {10E0A953-E3E4-406E-8395-93F8778DC88C}
	EndGlobalSection
	GlobalSection(ExtensibilityGlobals) = postSolution
		SolutionGuid = {BE4DB37C-C64D-4E12-80B9-87C370140F54}
	EndGlobalSection
EndGlobal
